{
  "name": "@bast1oncz/entities",
  "version": "3.2.5",
  "lockfileVersion": 1,
  "requires": true,
  "dependencies": {
    "@apollo/react-common": {
      "version": "3.1.4",
      "resolved": "https://registry.npmjs.org/@apollo/react-common/-/react-common-3.1.4.tgz",
      "integrity": "sha512-X5Kyro73bthWSCBJUC5XYQqMnG0dLWuDZmVkzog9dynovhfiVCV4kPSdgSIkqnb++cwCzOVuQ4rDKVwo2XRzQA==",
      "requires": {
        "ts-invariant": "^0.4.4",
        "tslib": "^1.10.0"
      }
    },
    "@apollo/react-components": {
      "version": "3.1.4",
      "resolved": "https://registry.npmjs.org/@apollo/react-components/-/react-components-3.1.4.tgz",
      "integrity": "sha512-dLZFeJ+x48nPuo2BjFjfbl8afQyazoqU8xBTidMnYy99w9DcTHtnURTw18o2dT5jkfuIJEWjbTfxyjJnHk+clw==",
      "requires": {
        "@apollo/react-common": "^3.1.4",
        "@apollo/react-hooks": "^3.1.4",
        "prop-types": "^15.7.2",
        "ts-invariant": "^0.4.4",
        "tslib": "^1.10.0"
      }
    },
    "@apollo/react-hoc": {
      "version": "3.1.4",
      "resolved": "https://registry.npmjs.org/@apollo/react-hoc/-/react-hoc-3.1.4.tgz",
      "integrity": "sha512-dCzVM2/JzEWqwTocwozb9/msOgVY5EG7gh593IIXYcBfHcthSK21nIsbH/uDgwCcLSIZE2EOC3n0aKgDuoMtjA==",
      "requires": {
        "@apollo/react-common": "^3.1.4",
        "@apollo/react-components": "^3.1.4",
        "hoist-non-react-statics": "^3.3.0",
        "ts-invariant": "^0.4.4",
        "tslib": "^1.10.0"
      }
    },
    "@apollo/react-hooks": {
      "version": "3.1.4",
      "resolved": "https://registry.npmjs.org/@apollo/react-hooks/-/react-hooks-3.1.4.tgz",
      "integrity": "sha512-yamD5a1Gu9fGQjZYEQn2nSG+BRyde4dy055agtYOvP/5/njJBSJ25tRFbjxKf7+YW9fsu2Xguib3anoQTuesNg==",
      "requires": {
        "@apollo/react-common": "^3.1.4",
        "@wry/equality": "^0.1.9",
        "ts-invariant": "^0.4.4",
        "tslib": "^1.10.0"
      }
    },
    "@apollo/react-ssr": {
      "version": "3.1.4",
      "resolved": "https://registry.npmjs.org/@apollo/react-ssr/-/react-ssr-3.1.4.tgz",
      "integrity": "sha512-c5KBD75RvSJqzpXpYngcOwLIbc7CAXhuMHrAH0J6+p4hfN+ZgqKdAOq0h143N1LfreUD4Is1PKXx4k2nPwifMw==",
      "requires": {
        "@apollo/react-common": "^3.1.4",
        "@apollo/react-hooks": "^3.1.4",
        "tslib": "^1.10.0"
      }
    },
    "@babel/runtime": {
      "version": "7.8.4",
      "resolved": "https://registry.npmjs.org/@babel/runtime/-/runtime-7.8.4.tgz",
      "integrity": "sha512-neAp3zt80trRVBI1x0azq6c57aNBqYZH8KhMm3TaB7wEI5Q4A2SHfBHE8w9gOhI/lrqxtEbXZgQIrHP+wvSGwQ==",
      "requires": {
        "regenerator-runtime": "^0.13.2"
      }
    },
    "@bast1oncz/components": {
      "version": "3.8.2",
      "resolved": "https://registry.npmjs.org/@bast1oncz/components/-/components-3.8.2.tgz",
      "integrity": "sha512-+cqqPo1Hxj0VjC/klZNM/vGKkbaBeq0K8tGOy2vRK5n+lWmTRG3K5ZQUMYtFPpi3u1Z8MNX2GpD768LS8l6U9g==",
      "requires": {
        "@bast1oncz/math": "^1.0.1",
        "@bast1oncz/objects": "^1.0.0",
        "@bast1oncz/state": "^1.3.0",
        "@bast1oncz/strings": "^0.0.21",
        "@material-ui/core": "^4.9.5",
        "@material-ui/icons": "^4.9.1",
        "@tinymce/tinymce-react": "^3.5.0",
        "moment": "^2.24.0",
        "tinymce": "^5.2.1"
      },
      "dependencies": {
        "@bast1oncz/objects": {
          "version": "1.4.3",
          "resolved": "https://registry.npmjs.org/@bast1oncz/objects/-/objects-1.4.3.tgz",
          "integrity": "sha512-rZ9VYX55IqsTrrrzCiRO44pJaP7hDbgfmHfpUv5xAcxWCTrIPgIentCLxr4yzmJXU/YPvI9k/xh7RdFzS0qpsA==",
          "requires": {
            "lodash": "^4.17.15"
          }
        },
        "@bast1oncz/strings": {
          "version": "0.0.21",
          "resolved": "https://registry.npmjs.org/@bast1oncz/strings/-/strings-0.0.21.tgz",
          "integrity": "sha512-a0rf/m00Ox++1gTFWb0DJeeu+G+jgcMA7+dUEtfBCHjju3efYSugLAr7qfQcewv8yReSU6/81pQFgm6ldzVu5g=="
        }
      }
    },
    "@bast1oncz/math": {
      "version": "1.0.1",
      "resolved": "https://registry.npmjs.org/@bast1oncz/math/-/math-1.0.1.tgz",
      "integrity": "sha512-5V/2tf8dCnXssJlHWsk3kdJoWz5hWoJ4IqHghIDmbzNcz7so252kIHLdO/JodMJzznoAsrxR/KDA0LkoekgxaA=="
    },
    "@bast1oncz/objects": {
      "version": "2.7.0",
      "resolved": "https://registry.npmjs.org/@bast1oncz/objects/-/objects-2.7.0.tgz",
      "integrity": "sha512-PsxL71dSwW7JjuE4zg/nI4rjKgOxJzvEbz9NpNoNEag03tYZEYQ/MqgZkQJYr1UFV0gl78aH7p3QQlNnYyDLgg==",
      "requires": {
        "@bast1oncz/math": "^2.0.3",
        "lodash": "^4.17.15"
      },
      "dependencies": {
        "@bast1oncz/math": {
          "version": "2.0.4",
          "resolved": "https://registry.npmjs.org/@bast1oncz/math/-/math-2.0.4.tgz",
          "integrity": "sha512-CV/r8z1VOKXAqa9ie308doNirC3WuqFugQdXjus4lsMSdf081CSrULrK4VcuCEZw1PjO/RNlj8dCzLYCNwpa1A=="
        }
      }
    },
    "@bast1oncz/state": {
      "version": "1.5.0",
      "resolved": "https://registry.npmjs.org/@bast1oncz/state/-/state-1.5.0.tgz",
      "integrity": "sha512-ZX3fm6Lb9aW/8DshpyyUJB8aCNTyibERcBdWIDl4YLNk/LJAFfVucFEXogzWtmJb7egEPYHYLXKZ3qpzTOGCZw==",
      "requires": {
        "@types/react": "^16.9.19",
        "react": "^16.12.0"
      }
    },
    "@bast1oncz/strings": {
      "version": "2.1.1",
      "resolved": "https://registry.npmjs.org/@bast1oncz/strings/-/strings-2.1.1.tgz",
      "integrity": "sha512-vr7HySB4Zuj8DErVzR+woauRhpMqy83OY3IdsLFMPG7Ju9ZEMOOaaqNm5RTbQ6iKzddxovi8D3rBf25iLRERpg=="
    },
    "@date-io/core": {
      "version": "1.3.13",
      "resolved": "https://registry.npmjs.org/@date-io/core/-/core-1.3.13.tgz",
      "integrity": "sha512-AlEKV7TxjeK+jxWVKcCFrfYAk8spX9aCyiToFIiLPtfQbsjmRGLIhb5VZgptQcJdHtLXo7+m0DuurwFgUToQuA=="
    },
    "@date-io/moment": {
      "version": "1.3.13",
      "resolved": "https://registry.npmjs.org/@date-io/moment/-/moment-1.3.13.tgz",
      "integrity": "sha512-3kJYusJtQuOIxq6byZlzAHoW/18iExJer9qfRF5DyyzdAk074seTuJfdofjz4RFfTd/Idk8WylOQpWtERqvFuQ==",
      "dev": true,
      "requires": {
        "@date-io/core": "^1.3.13"
      }
    },
    "@emotion/hash": {
      "version": "0.8.0",
      "resolved": "https://registry.npmjs.org/@emotion/hash/-/hash-0.8.0.tgz",
      "integrity": "sha512-kBJtf7PH6aWwZ6fka3zQ0p6SBYzx4fl1LoZXE2RrnYST9Xljm7WfKJrU4g/Xr3Beg72MLrp1AWNUmuYJTL7Cow=="
    },
    "@material-ui/core": {
      "version": "4.9.10",
      "resolved": "https://registry.npmjs.org/@material-ui/core/-/core-4.9.10.tgz",
      "integrity": "sha512-CQuZU9Y10RkwSdxjn785kw2EPcXhv5GKauuVQufR9LlD37kjfn21Im1yvr6wsUzn81oLhEvVPz727UWC0gbqxg==",
      "requires": {
        "@babel/runtime": "^7.4.4",
        "@material-ui/styles": "^4.9.10",
        "@material-ui/system": "^4.9.10",
        "@material-ui/types": "^5.0.1",
        "@material-ui/utils": "^4.9.6",
        "@types/react-transition-group": "^4.2.0",
        "clsx": "^1.0.4",
        "hoist-non-react-statics": "^3.3.2",
        "popper.js": "^1.16.1-lts",
        "prop-types": "^15.7.2",
        "react-is": "^16.8.0",
        "react-transition-group": "^4.3.0"
      }
    },
    "@material-ui/icons": {
      "version": "4.9.1",
      "resolved": "https://registry.npmjs.org/@material-ui/icons/-/icons-4.9.1.tgz",
      "integrity": "sha512-GBitL3oBWO0hzBhvA9KxqcowRUsA0qzwKkURyC8nppnC3fw54KPKZ+d4V1Eeg/UnDRSzDaI9nGCdel/eh9AQMg==",
      "requires": {
        "@babel/runtime": "^7.4.4"
      }
    },
    "@material-ui/pickers": {
      "version": "3.2.10",
      "resolved": "https://registry.npmjs.org/@material-ui/pickers/-/pickers-3.2.10.tgz",
      "integrity": "sha512-B8G6Obn5S3RCl7hwahkQj9sKUapwXWFjiaz/Bsw1fhYFdNMnDUolRiWQSoKPb1/oKe37Dtfszoywi1Ynbo3y8w==",
      "requires": {
        "@babel/runtime": "^7.6.0",
        "@date-io/core": "1.x",
        "@types/styled-jsx": "^2.2.8",
        "clsx": "^1.0.2",
        "react-transition-group": "^4.0.0",
        "rifm": "^0.7.0"
      }
    },
    "@material-ui/styles": {
      "version": "4.9.10",
      "resolved": "https://registry.npmjs.org/@material-ui/styles/-/styles-4.9.10.tgz",
      "integrity": "sha512-EXIXlqVyFDnjXF6tj72y6ZxiSy+mHtrsCo3Srkm3XUeu3Z01aftDBy7ZSr3TQ02gXHTvDSBvegp3Le6p/tl7eA==",
      "requires": {
        "@babel/runtime": "^7.4.4",
        "@emotion/hash": "^0.8.0",
        "@material-ui/types": "^5.0.1",
        "@material-ui/utils": "^4.9.6",
        "clsx": "^1.0.2",
        "csstype": "^2.5.2",
        "hoist-non-react-statics": "^3.3.2",
        "jss": "^10.0.3",
        "jss-plugin-camel-case": "^10.0.3",
        "jss-plugin-default-unit": "^10.0.3",
        "jss-plugin-global": "^10.0.3",
        "jss-plugin-nested": "^10.0.3",
        "jss-plugin-props-sort": "^10.0.3",
        "jss-plugin-rule-value-function": "^10.0.3",
        "jss-plugin-vendor-prefixer": "^10.0.3",
        "prop-types": "^15.7.2"
      }
    },
    "@material-ui/system": {
      "version": "4.9.10",
      "resolved": "https://registry.npmjs.org/@material-ui/system/-/system-4.9.10.tgz",
      "integrity": "sha512-E+t0baX2TBZk6ALm8twG6objpsxLdMM4MDm1++LMt2m7CetCAEc3aIAfDaprk4+tm5hFT1Cah5dRWk8EeIFQYw==",
      "requires": {
        "@babel/runtime": "^7.4.4",
        "@material-ui/utils": "^4.9.6",
        "prop-types": "^15.7.2"
      }
    },
    "@material-ui/types": {
      "version": "5.0.1",
      "resolved": "https://registry.npmjs.org/@material-ui/types/-/types-5.0.1.tgz",
      "integrity": "sha512-wURPSY7/3+MAtng3i26g+WKwwNE3HEeqa/trDBR5+zWKmcjO+u9t7Npu/J1r+3dmIa/OeziN9D/18IrBKvKffw=="
    },
    "@material-ui/utils": {
      "version": "4.9.6",
      "resolved": "https://registry.npmjs.org/@material-ui/utils/-/utils-4.9.6.tgz",
      "integrity": "sha512-gqlBn0JPPTUZeAktn1rgMcy9Iczrr74ecx31tyZLVGdBGGzsxzM6PP6zeS7FuoLS6vG4hoZP7hWnOoHtkR0Kvw==",
      "requires": {
        "@babel/runtime": "^7.4.4",
        "prop-types": "^15.7.2",
        "react-is": "^16.8.0"
      }
    },
    "@tinymce/tinymce-react": {
      "version": "3.5.0",
      "resolved": "https://registry.npmjs.org/@tinymce/tinymce-react/-/tinymce-react-3.5.0.tgz",
      "integrity": "sha512-sZPerYmSWQcdk7F9KEvCC3/kPNZ9Bb+dk8rS0RoYyYql/gqgNpLpycC+CC/KhgT0wDaYuRoCcdV1DVZGam+oOg==",
      "requires": {
        "prop-types": "^15.6.2"
      }
    },
    "@types/graphql": {
      "version": "14.5.0",
      "resolved": "https://registry.npmjs.org/@types/graphql/-/graphql-14.5.0.tgz",
      "integrity": "sha512-MOkzsEp1Jk5bXuAsHsUi6BVv0zCO+7/2PTiZMXWDSsMXvNU6w/PLMQT2vHn8hy2i0JqojPz1Sz6rsFjHtsU0lA==",
      "dev": true,
      "requires": {
        "graphql": "*"
      }
    },
    "@types/lodash": {
      "version": "4.14.149",
      "resolved": "https://registry.npmjs.org/@types/lodash/-/lodash-4.14.149.tgz",
      "integrity": "sha512-ijGqzZt/b7BfzcK9vTrS6MFljQRPn5BFWOx8oE0GYxribu6uV+aA9zZuXI1zc/etK9E8nrgdoF2+LgUw7+9tJQ==",
      "dev": true
    },
    "@types/moment": {
      "version": "2.13.0",
      "resolved": "https://registry.npmjs.org/@types/moment/-/moment-2.13.0.tgz",
      "integrity": "sha1-YE69GJvDvDShVIaJQE5hoqSqyJY=",
      "dev": true,
      "requires": {
        "moment": "*"
      }
    },
    "@types/node": {
      "version": "13.11.1",
      "resolved": "https://registry.npmjs.org/@types/node/-/node-13.11.1.tgz",
      "integrity": "sha512-eWQGP3qtxwL8FGneRrC5DwrJLGN4/dH1clNTuLfN81HCrxVtxRjygDTUoZJ5ASlDEeo0ppYFQjQIlXhtXpOn6g==",
      "dev": true
    },
    "@types/prop-types": {
      "version": "15.7.3",
      "resolved": "https://registry.npmjs.org/@types/prop-types/-/prop-types-15.7.3.tgz",
      "integrity": "sha512-KfRL3PuHmqQLOG+2tGpRO26Ctg+Cq1E01D2DMriKEATHgWLfeNDmq9e29Q9WIky0dQ3NPkd1mzYH8Lm936Z9qw=="
    },
    "@types/react": {
      "version": "16.9.34",
      "resolved": "https://registry.npmjs.org/@types/react/-/react-16.9.34.tgz",
      "integrity": "sha512-8AJlYMOfPe1KGLKyHpflCg5z46n0b5DbRfqDksxBLBTUpB75ypDBAO9eCUcjNwE6LCUslwTz00yyG/X9gaVtow==",
      "requires": {
        "@types/prop-types": "*",
        "csstype": "^2.2.0"
      }
    },
    "@types/react-transition-group": {
      "version": "4.2.4",
      "resolved": "https://registry.npmjs.org/@types/react-transition-group/-/react-transition-group-4.2.4.tgz",
      "integrity": "sha512-8DMUaDqh0S70TjkqU0DxOu80tFUiiaS9rxkWip/nb7gtvAsbqOXm02UCmR8zdcjWujgeYPiPNTVpVpKzUDotwA==",
      "requires": {
        "@types/react": "*"
      }
    },
    "@types/sortablejs": {
      "version": "1.10.4",
      "resolved": "https://registry.npmjs.org/@types/sortablejs/-/sortablejs-1.10.4.tgz",
      "integrity": "sha512-iXdJUEM09Hc0RacStDvkEi5BBdHuuwdys0L5/GtsRiEht69Df4hapA3FwFIeXn2STicqJjBAkowyD1OA3jGgwA=="
    },
    "@types/styled-jsx": {
      "version": "2.2.8",
      "resolved": "https://registry.npmjs.org/@types/styled-jsx/-/styled-jsx-2.2.8.tgz",
      "integrity": "sha512-Yjye9VwMdYeXfS71ihueWRSxrruuXTwKCbzue4+5b2rjnQ//AtyM7myZ1BEhNhBQ/nL/RE7bdToUoLln2miKvg==",
      "requires": {
        "@types/react": "*"
      }
    },
    "@types/zen-observable": {
      "version": "0.8.0",
      "resolved": "https://registry.npmjs.org/@types/zen-observable/-/zen-observable-0.8.0.tgz",
      "integrity": "sha512-te5lMAWii1uEJ4FwLjzdlbw3+n0FZNOvFXHxQDKeT0dilh7HOzdMzV2TrJVUzq8ep7J4Na8OUYPRLSQkJHAlrg=="
    },
    "@wry/equality": {
      "version": "0.1.9",
      "resolved": "https://registry.npmjs.org/@wry/equality/-/equality-0.1.9.tgz",
      "integrity": "sha512-mB6ceGjpMGz1ZTza8HYnrPGos2mC6So4NhS1PtZ8s4Qt0K7fBiIGhpSxUbQmhwcSWE3no+bYxmI2OL6KuXYmoQ==",
      "requires": {
        "tslib": "^1.9.3"
      }
    },
    "apollo-cache": {
      "version": "1.3.4",
      "resolved": "https://registry.npmjs.org/apollo-cache/-/apollo-cache-1.3.4.tgz",
      "integrity": "sha512-7X5aGbqaOWYG+SSkCzJNHTz2ZKDcyRwtmvW4mGVLRqdQs+HxfXS4dUS2CcwrAj449se6tZ6NLUMnjko4KMt3KA==",
      "requires": {
        "apollo-utilities": "^1.3.3",
        "tslib": "^1.10.0"
      }
    },
    "apollo-client": {
      "version": "2.6.8",
      "resolved": "https://registry.npmjs.org/apollo-client/-/apollo-client-2.6.8.tgz",
      "integrity": "sha512-0zvJtAcONiozpa5z5zgou83iEKkBaXhhSSXJebFHRXs100SecDojyUWKjwTtBPn9HbM6o5xrvC5mo9VQ5fgAjw==",
      "requires": {
        "@types/zen-observable": "^0.8.0",
        "apollo-cache": "1.3.4",
        "apollo-link": "^1.0.0",
        "apollo-utilities": "1.3.3",
        "symbol-observable": "^1.0.2",
        "ts-invariant": "^0.4.0",
        "tslib": "^1.10.0",
        "zen-observable": "^0.8.0"
      }
    },
    "apollo-link": {
      "version": "1.2.14",
      "resolved": "https://registry.npmjs.org/apollo-link/-/apollo-link-1.2.14.tgz",
      "integrity": "sha512-p67CMEFP7kOG1JZ0ZkYZwRDa369w5PIjtMjvrQd/HnIV8FRsHRqLqK+oAZQnFa1DDdZtOtHTi+aMIW6EatC2jg==",
      "requires": {
        "apollo-utilities": "^1.3.0",
        "ts-invariant": "^0.4.0",
        "tslib": "^1.9.3",
        "zen-observable-ts": "^0.8.21"
      }
    },
    "apollo-utilities": {
      "version": "1.3.3",
      "resolved": "https://registry.npmjs.org/apollo-utilities/-/apollo-utilities-1.3.3.tgz",
      "integrity": "sha512-F14aX2R/fKNYMvhuP2t9GD9fggID7zp5I96MF5QeKYWDWTrkRdHRp4+SVfXUVN+cXOaB/IebfvRtzPf25CM0zw==",
      "requires": {
        "@wry/equality": "^0.1.2",
        "fast-json-stable-stringify": "^2.0.0",
        "ts-invariant": "^0.4.0",
        "tslib": "^1.10.0"
      }
    },
    "classnames": {
      "version": "2.2.6",
      "resolved": "https://registry.npmjs.org/classnames/-/classnames-2.2.6.tgz",
      "integrity": "sha512-JR/iSQOSt+LQIWwrwEzJ9uk0xfN3mTVYMwt1Ir5mUcSN6pU+V4zQFFaJsclJbPuAUQH+yfWef6tm7l1quW3C8Q=="
    },
    "clsx": {
      "version": "1.1.0",
      "resolved": "https://registry.npmjs.org/clsx/-/clsx-1.1.0.tgz",
      "integrity": "sha512-3avwM37fSK5oP6M5rQ9CNe99lwxhXDOeSWVPAOYF6OazUTgZCMb0yWlJpmdD74REy1gkEaFiub2ULv4fq9GUhA=="
    },
    "css-vendor": {
      "version": "2.0.8",
      "resolved": "https://registry.npmjs.org/css-vendor/-/css-vendor-2.0.8.tgz",
      "integrity": "sha512-x9Aq0XTInxrkuFeHKbYC7zWY8ai7qJ04Kxd9MnvbC1uO5DagxoHQjm4JvG+vCdXOoFtCjbL2XSZfxmoYa9uQVQ==",
      "requires": {
        "@babel/runtime": "^7.8.3",
        "is-in-browser": "^1.0.2"
      }
    },
    "csstype": {
      "version": "2.6.9",
      "resolved": "https://registry.npmjs.org/csstype/-/csstype-2.6.9.tgz",
      "integrity": "sha512-xz39Sb4+OaTsULgUERcCk+TJj8ylkL4aSVDQiX/ksxbELSqwkgt4d4RD7fovIdgJGSuNYqwZEiVjYY5l0ask+Q=="
    },
    "dom-helpers": {
      "version": "5.1.3",
      "resolved": "https://registry.npmjs.org/dom-helpers/-/dom-helpers-5.1.3.tgz",
      "integrity": "sha512-nZD1OtwfWGRBWlpANxacBEZrEuLa16o1nh7YopFWeoF68Zt8GGEmzHu6Xv4F3XaFIC+YXtTLrzgqKxFgLEe4jw==",
      "requires": {
        "@babel/runtime": "^7.6.3",
        "csstype": "^2.6.7"
      }
    },
    "fast-json-stable-stringify": {
      "version": "2.1.0",
      "resolved": "https://registry.npmjs.org/fast-json-stable-stringify/-/fast-json-stable-stringify-2.1.0.tgz",
      "integrity": "sha512-lhd/wF+Lk98HZoTCtlVraHtfh5XYijIjalXck7saUtuanSDyLMxnHhSXEDJqHxD7msR8D0uCmqlkwjCV8xvwHw=="
    },
    "graphql": {
      "version": "14.5.8",
      "resolved": "https://registry.npmjs.org/graphql/-/graphql-14.5.8.tgz",
      "integrity": "sha512-MMwmi0zlVLQKLdGiMfWkgQD7dY/TUKt4L+zgJ/aR0Howebod3aNgP5JkgvAULiR2HPVZaP2VEElqtdidHweLkg==",
      "dev": true,
      "requires": {
        "iterall": "^1.2.2"
      }
    },
    "graphql-tag": {
      "version": "2.10.3",
      "resolved": "https://registry.npmjs.org/graphql-tag/-/graphql-tag-2.10.3.tgz",
      "integrity": "sha512-4FOv3ZKfA4WdOKJeHdz6B3F/vxBLSgmBcGeAFPf4n1F64ltJUvOOerNj0rsJxONQGdhUMynQIvd6LzB+1J5oKA=="
    },
    "hoist-non-react-statics": {
      "version": "3.3.2",
      "resolved": "https://registry.npmjs.org/hoist-non-react-statics/-/hoist-non-react-statics-3.3.2.tgz",
      "integrity": "sha512-/gGivxi8JPKWNm/W0jSmzcMPpfpPLc3dY/6GxhX2hQ9iGj3aDfklV4ET7NjKpSinLpJ5vafa9iiGIEZg10SfBw==",
      "requires": {
        "react-is": "^16.7.0"
      }
    },
    "hyphenate-style-name": {
      "version": "1.0.3",
      "resolved": "https://registry.npmjs.org/hyphenate-style-name/-/hyphenate-style-name-1.0.3.tgz",
      "integrity": "sha512-EcuixamT82oplpoJ2XU4pDtKGWQ7b00CD9f1ug9IaQ3p1bkHMiKCZ9ut9QDI6qsa6cpUuB+A/I+zLtdNK4n2DQ=="
    },
    "is-in-browser": {
      "version": "1.1.3",
      "resolved": "https://registry.npmjs.org/is-in-browser/-/is-in-browser-1.1.3.tgz",
      "integrity": "sha1-Vv9NtoOgeMYILrldrX3GLh0E+DU="
    },
    "iterall": {
      "version": "1.3.0",
      "resolved": "https://registry.npmjs.org/iterall/-/iterall-1.3.0.tgz",
      "integrity": "sha512-QZ9qOMdF+QLHxy1QIpUHUU1D5pS2CG2P69LF6L6CPjPYA/XMOmKV3PZpawHoAjHNyB0swdVTRxdYT4tbBbxqwg==",
      "dev": true
    },
    "js-tokens": {
      "version": "4.0.0",
      "resolved": "https://registry.npmjs.org/js-tokens/-/js-tokens-4.0.0.tgz",
      "integrity": "sha512-RdJUflcE3cUzKiMqQgsCu06FPu9UdIJO0beYbPhHN4k6apgJtifcoCtT9bcxOpYBtpD2kCM6Sbzg4CausW/PKQ=="
    },
    "jss": {
      "version": "10.1.1",
      "resolved": "https://registry.npmjs.org/jss/-/jss-10.1.1.tgz",
      "integrity": "sha512-Xz3qgRUFlxbWk1czCZibUJqhVPObrZHxY3FPsjCXhDld4NOj1BgM14Ir5hVm+Qr6OLqVljjGvoMcCdXNOAbdkQ==",
      "requires": {
        "@babel/runtime": "^7.3.1",
        "csstype": "^2.6.5",
        "is-in-browser": "^1.1.3",
        "tiny-warning": "^1.0.2"
      }
    },
    "jss-plugin-camel-case": {
      "version": "10.1.1",
      "resolved": "https://registry.npmjs.org/jss-plugin-camel-case/-/jss-plugin-camel-case-10.1.1.tgz",
      "integrity": "sha512-MDIaw8FeD5uFz1seQBKz4pnvDLnj5vIKV5hXSVdMaAVq13xR6SVTVWkIV/keyTs5txxTvzGJ9hXoxgd1WTUlBw==",
      "requires": {
        "@babel/runtime": "^7.3.1",
        "hyphenate-style-name": "^1.0.3",
        "jss": "10.1.1"
      }
    },
    "jss-plugin-default-unit": {
      "version": "10.1.1",
      "resolved": "https://registry.npmjs.org/jss-plugin-default-unit/-/jss-plugin-default-unit-10.1.1.tgz",
      "integrity": "sha512-UkeVCA/b3QEA4k0nIKS4uWXDCNmV73WLHdh2oDGZZc3GsQtlOCuiH3EkB/qI60v2MiCq356/SYWsDXt21yjwdg==",
      "requires": {
        "@babel/runtime": "^7.3.1",
        "jss": "10.1.1"
      }
    },
    "jss-plugin-global": {
      "version": "10.1.1",
      "resolved": "https://registry.npmjs.org/jss-plugin-global/-/jss-plugin-global-10.1.1.tgz",
      "integrity": "sha512-VBG3wRyi3Z8S4kMhm8rZV6caYBegsk+QnQZSVmrWw6GVOT/Z4FA7eyMu5SdkorDlG/HVpHh91oFN56O4R9m2VA==",
      "requires": {
        "@babel/runtime": "^7.3.1",
        "jss": "10.1.1"
      }
    },
    "jss-plugin-nested": {
      "version": "10.1.1",
      "resolved": "https://registry.npmjs.org/jss-plugin-nested/-/jss-plugin-nested-10.1.1.tgz",
      "integrity": "sha512-ozEu7ZBSVrMYxSDplPX3H82XHNQk2DQEJ9TEyo7OVTPJ1hEieqjDFiOQOxXEj9z3PMqkylnUbvWIZRDKCFYw5Q==",
      "requires": {
        "@babel/runtime": "^7.3.1",
        "jss": "10.1.1",
        "tiny-warning": "^1.0.2"
      }
    },
    "jss-plugin-props-sort": {
      "version": "10.1.1",
      "resolved": "https://registry.npmjs.org/jss-plugin-props-sort/-/jss-plugin-props-sort-10.1.1.tgz",
      "integrity": "sha512-g/joK3eTDZB4pkqpZB38257yD4LXB0X15jxtZAGbUzcKAVUHPl9Jb47Y7lYmiGsShiV4YmQRqG1p2DHMYoK91g==",
      "requires": {
        "@babel/runtime": "^7.3.1",
        "jss": "10.1.1"
      }
    },
    "jss-plugin-rule-value-function": {
      "version": "10.1.1",
      "resolved": "https://registry.npmjs.org/jss-plugin-rule-value-function/-/jss-plugin-rule-value-function-10.1.1.tgz",
      "integrity": "sha512-ClV1lvJ3laU9la1CUzaDugEcwnpjPTuJ0yGy2YtcU+gG/w9HMInD5vEv7xKAz53Bk4WiJm5uLOElSEshHyhKNw==",
      "requires": {
        "@babel/runtime": "^7.3.1",
        "jss": "10.1.1"
      }
    },
    "jss-plugin-vendor-prefixer": {
      "version": "10.1.1",
      "resolved": "https://registry.npmjs.org/jss-plugin-vendor-prefixer/-/jss-plugin-vendor-prefixer-10.1.1.tgz",
      "integrity": "sha512-09MZpQ6onQrhaVSF6GHC4iYifQ7+4YC/tAP6D4ZWeZotvCMq1mHLqNKRIaqQ2lkgANjlEot2JnVi1ktu4+L4pw==",
      "requires": {
        "@babel/runtime": "^7.3.1",
        "css-vendor": "^2.0.7",
        "jss": "10.1.1"
      }
    },
    "leave-confirm": {
      "version": "1.0.0",
      "resolved": "https://registry.npmjs.org/leave-confirm/-/leave-confirm-1.0.0.tgz",
      "integrity": "sha512-52YO/IxrEBVm8N0IV30bQw/jYN3zGIo85pwfyRXRTKkYkhL3rZvbn7ctsWowMcE5oSwtxzSXF2DiD/74VX0rwA==",
      "requires": {
        "react": "^16.12.0"
      }
    },
    "lodash": {
      "version": "4.17.15",
      "resolved": "https://registry.npmjs.org/lodash/-/lodash-4.17.15.tgz",
      "integrity": "sha512-8xOcRHvCjnocdS5cpwXQXVzmmh5e5+saE2QGoeQmbKmRS6J3VQppPOIt0MnmE+4xlZoumy0GPG0D0MVIQbNA1A=="
    },
    "loose-envify": {
      "version": "1.4.0",
      "resolved": "https://registry.npmjs.org/loose-envify/-/loose-envify-1.4.0.tgz",
      "integrity": "sha512-lyuxPGr/Wfhrlem2CL/UcnUc1zcqKAImBDzukY7Y5F/yQiNdko6+fRLevlw1HgMySw7f611UIY408EtxRSoK3Q==",
      "requires": {
        "js-tokens": "^3.0.0 || ^4.0.0"
      }
    },
    "moment": {
      "version": "2.24.0",
      "resolved": "https://registry.npmjs.org/moment/-/moment-2.24.0.tgz",
      "integrity": "sha512-bV7f+6l2QigeBBZSM/6yTNq4P2fNpSWj/0e7jQcy87A8e7o2nAfP/34/2ky5Vw4B9S446EtIhodAzkFCcR4dQg=="
    },
    "object-assign": {
      "version": "4.1.1",
      "resolved": "https://registry.npmjs.org/object-assign/-/object-assign-4.1.1.tgz",
      "integrity": "sha1-IQmtx5ZYh8/AXLvUQsrIv7s2CGM="
    },
    "popper.js": {
      "version": "1.16.1",
      "resolved": "https://registry.npmjs.org/popper.js/-/popper.js-1.16.1.tgz",
      "integrity": "sha512-Wb4p1J4zyFTbM+u6WuO4XstYx4Ky9Cewe4DWrel7B0w6VVICvPwdOpotjzcf6eD8TsckVnIMNONQyPIUFOUbCQ=="
    },
    "prop-types": {
      "version": "15.7.2",
      "resolved": "https://registry.npmjs.org/prop-types/-/prop-types-15.7.2.tgz",
      "integrity": "sha512-8QQikdH7//R2vurIJSutZ1smHYTcLpRWEOlHnzcWHmBYrOGUysKwSsrC89BCiFj3CbrfJ/nXFdJepOVrY1GCHQ==",
      "requires": {
        "loose-envify": "^1.4.0",
        "object-assign": "^4.1.1",
        "react-is": "^16.8.1"
      }
    },
    "react": {
      "version": "16.13.1",
      "resolved": "https://registry.npmjs.org/react/-/react-16.13.1.tgz",
      "integrity": "sha512-YMZQQq32xHLX0bz5Mnibv1/LHb3Sqzngu7xstSM+vrkE5Kzr9xE0yMByK5kMoTK30YVJE61WfbxIFFvfeDKT1w==",
      "requires": {
        "loose-envify": "^1.1.0",
        "object-assign": "^4.1.1",
        "prop-types": "^15.6.2"
      }
    },
    "react-apollo": {
      "version": "3.1.4",
      "resolved": "https://registry.npmjs.org/react-apollo/-/react-apollo-3.1.4.tgz",
      "integrity": "sha512-GDXTSava0wa9eWfPaVVhTFDZy06qbSxEW8JSJjd5l3mLIPwZoxdaI5EDjUr25h1XzsUJ/p3C64QHvsSiB9DrpQ==",
      "requires": {
        "@apollo/react-common": "^3.1.4",
        "@apollo/react-components": "^3.1.4",
        "@apollo/react-hoc": "^3.1.4",
        "@apollo/react-hooks": "^3.1.4",
        "@apollo/react-ssr": "^3.1.4"
      }
    },
    "react-dom": {
      "version": "16.13.1",
      "resolved": "https://registry.npmjs.org/react-dom/-/react-dom-16.13.1.tgz",
      "integrity": "sha512-81PIMmVLnCNLO/fFOQxdQkvEq/+Hfpv24XNJfpyZhTRfO0QcmQIF/PgCa1zCOj2w1hrn12MFLyaJ/G0+Mxtfag==",
      "requires": {
        "loose-envify": "^1.1.0",
        "object-assign": "^4.1.1",
        "prop-types": "^15.6.2",
        "scheduler": "^0.19.1"
      }
    },
    "react-is": {
      "version": "16.12.0",
      "resolved": "https://registry.npmjs.org/react-is/-/react-is-16.12.0.tgz",
      "integrity": "sha512-rPCkf/mWBtKc97aLL9/txD8DZdemK0vkA3JMLShjlJB3Pj3s+lpf1KaBzMfQrAmhMQB0n1cU/SUGgKKBCe837Q=="
    },
    "react-number-format": {
      "version": "4.4.1",
      "resolved": "https://registry.npmjs.org/react-number-format/-/react-number-format-4.4.1.tgz",
      "integrity": "sha512-ZGFMXZ0U7DcmQ3bSZY3FULOA1mfqreT9NIMYZNoa/ouiSgiTQiYA95Uj2KN8ge6BRr+ghA5vraozqWqsHZQw3Q==",
      "requires": {
        "prop-types": "^15.7.2"
      }
    },
    "react-sortablejs": {
      "version": "2.0.11",
      "resolved": "https://registry.npmjs.org/react-sortablejs/-/react-sortablejs-2.0.11.tgz",
      "integrity": "sha512-Id44yygU6H/fNRp0uWkGZnKGuBF8GF/Ts6gKX5NfwmzceRjH0e0XHsmBuQ6WXhBIVnMM+XgkEPub851mdti0TA==",
      "requires": {
        "@types/sortablejs": "^1.10.0",
        "classnames": "^2.2.6",
        "sortablejs": "1.10.1",
        "tiny-invariant": "^1.0.6"
      }
    },
    "react-transition-group": {
      "version": "4.3.0",
      "resolved": "https://registry.npmjs.org/react-transition-group/-/react-transition-group-4.3.0.tgz",
      "integrity": "sha512-1qRV1ZuVSdxPlPf4O8t7inxUGpdyO5zG9IoNfJxSO0ImU2A1YWkEQvFPuIPZmMLkg5hYs7vv5mMOyfgSkvAwvw==",
      "requires": {
        "@babel/runtime": "^7.5.5",
        "dom-helpers": "^5.0.1",
        "loose-envify": "^1.4.0",
        "prop-types": "^15.6.2"
      }
    },
    "regenerator-runtime": {
      "version": "0.13.3",
      "resolved": "https://registry.npmjs.org/regenerator-runtime/-/regenerator-runtime-0.13.3.tgz",
      "integrity": "sha512-naKIZz2GQ8JWh///G7L3X6LaQUAMp2lvb1rvwwsURe/VXwD6VMfr+/1NuNw3ag8v2kY1aQ/go5SNn79O9JU7yw=="
    },
    "rifm": {
      "version": "0.7.0",
      "resolved": "https://registry.npmjs.org/rifm/-/rifm-0.7.0.tgz",
      "integrity": "sha512-DSOJTWHD67860I5ojetXdEQRIBvF6YcpNe53j0vn1vp9EUb9N80EiZTxgP+FkDKorWC8PZw052kTF4C1GOivCQ==",
      "requires": {
        "@babel/runtime": "^7.3.1"
      }
    },
    "scheduler": {
      "version": "0.19.1",
      "resolved": "https://registry.npmjs.org/scheduler/-/scheduler-0.19.1.tgz",
      "integrity": "sha512-n/zwRWRYSUj0/3g/otKDRPMh6qv2SYMWNq85IEa8iZyAv8od9zDYpGSnpBEjNgcMNq6Scbu5KfIPxNF72R/2EA==",
      "requires": {
        "loose-envify": "^1.1.0",
        "object-assign": "^4.1.1"
      }
    },
    "sortablejs": {
      "version": "1.10.1",
      "resolved": "https://registry.npmjs.org/sortablejs/-/sortablejs-1.10.1.tgz",
      "integrity": "sha512-N6r7GrVmO8RW1rn0cTdvK3JR0BcqecAJ0PmYMCL3ZuqTH3pY+9QyqkmJSkkLyyDvd+AJnwaxTP22Ybr/83V9hQ=="
    },
    "symbol-observable": {
      "version": "1.2.0",
      "resolved": "https://registry.npmjs.org/symbol-observable/-/symbol-observable-1.2.0.tgz",
      "integrity": "sha512-e900nM8RRtGhlV36KGEU9k65K3mPb1WV70OdjfxlG2EAuM1noi/E/BaW/uMhL7bPEssK8QV57vN3esixjUvcXQ=="
    },
    "tiny-invariant": {
      "version": "1.1.0",
      "resolved": "https://registry.npmjs.org/tiny-invariant/-/tiny-invariant-1.1.0.tgz",
      "integrity": "sha512-ytxQvrb1cPc9WBEI/HSeYYoGD0kWnGEOR8RY6KomWLBVhqz0RgTwVO9dLrGz7dC+nN9llyI7OKAgRq8Vq4ZBSw=="
    },
    "tiny-warning": {
      "version": "1.0.3",
      "resolved": "https://registry.npmjs.org/tiny-warning/-/tiny-warning-1.0.3.tgz",
      "integrity": "sha512-lBN9zLN/oAf68o3zNXYrdCt1kP8WsiGW8Oo2ka41b2IM5JL/S1CTyX1rW0mb/zSuJun0ZUrDxx4sqvYS2FWzPA=="
    },
    "tinymce": {
      "version": "5.2.1",
      "resolved": "https://registry.npmjs.org/tinymce/-/tinymce-5.2.1.tgz",
      "integrity": "sha512-X/riqIrSOyB/pF6J993ICuDbSU/dL89XfhSdmroojbdBIT73wZF2dMPTfwtL5Hn0G5vBLefMDqLwESVuiPLEPg=="
    },
    "ts-invariant": {
      "version": "0.4.4",
      "resolved": "https://registry.npmjs.org/ts-invariant/-/ts-invariant-0.4.4.tgz",
      "integrity": "sha512-uEtWkFM/sdZvRNNDL3Ehu4WVpwaulhwQszV8mrtcdeE8nN00BV9mAmQ88RkrBhFgl9gMgvjJLAQcZbnPXI9mlA==",
      "requires": {
        "tslib": "^1.9.3"
      }
    },
    "tslib": {
      "version": "1.10.0",
      "resolved": "https://registry.npmjs.org/tslib/-/tslib-1.10.0.tgz",
      "integrity": "sha512-qOebF53frne81cf0S9B41ByenJ3/IuH8yJKngAX35CmiZySA0khhkovshKK+jGCaMnVomla7gVlIcc3EvKPbTQ=="
    },
    "typescript": {
      "version": "3.8.3",
      "resolved": "https://registry.npmjs.org/typescript/-/typescript-3.8.3.tgz",
      "integrity": "sha512-MYlEfn5VrLNsgudQTVJeNaQFUAI7DkhnOjdpAp4T+ku1TfQClewlbSuTVHiA+8skNBgaf02TL/kLOvig4y3G8w==",
      "dev": true
    },
    "zen-observable": {
      "version": "0.8.15",
      "resolved": "https://registry.npmjs.org/zen-observable/-/zen-observable-0.8.15.tgz",
      "integrity": "sha512-PQ2PC7R9rslx84ndNBZB/Dkv8V8fZEpk83RLgXtYd0fwUgEjseMn1Dgajh2x6S8QbZAFa9p2qVCEuYZNgve0dQ=="
    },
    "zen-observable-ts": {
      "version": "0.8.21",
      "resolved": "https://registry.npmjs.org/zen-observable-ts/-/zen-observable-ts-0.8.21.tgz",
      "integrity": "sha512-Yj3yXweRc8LdRMrCC8nIc4kkjWecPAUVh0TI0OUrWXx6aX790vLcDlWca6I4vsyCGH3LpWxq0dJRcMOFoVqmeg==",
      "requires": {
        "tslib": "^1.9.3",
        "zen-observable": "^0.8.0"
      }
    }
  }
}
